{
  "name": "nextjs",
  "version": "npm:nextjs@4.0.0",
  "lockfileVersion": 2,
  "requires": true,
  "extraneous": true,
  "packages": {
    "": {
      "name": "nextjs",
      "version": "4.0.0",
      "extraneous": true,
      "license": "MIT",
      "dependencies": {
        "@material-ui/core": "latest",
        "@material-ui/icons": "latest",
        "clsx": "latest",
        "next": "latest",
        "prop-types": "latest",
        "react": "latest",
        "react-dom": "latest",
        "react-router-dom": "latest",
        "sitemap": "latest"
      }
    }
  }
}
